
Microsoft Visual Studio Solution File, Format Version 12.00
# Visual Studio Version 17
VisualStudioVersion = 17.0.32014.148
MinimumVisualStudioVersion = 10.0.40219.1
Project("{FAE04EC0-301F-11D3-BF4B-00C04F79EFBC}") = "WebAPI", "WebAPI\WebAPI.csproj", "{ECD71CFF-7716-41D7-9B6B-ACD940135A54}"
EndProject
Project("{FAE04EC0-301F-11D3-BF4B-00C04F79EFBC}") = "WebApp", "WebApp\WebApp.csproj", "{DA315411-428A-4A73-87E8-DB6F027FCCA1}"
EndProject
Global
	GlobalSection(SolutionConfigurationPlatforms) = preSolution
		Debug|Any CPU = Debug|Any CPU
		Release|Any CPU = Release|Any CPU
	EndGlobalSection
	GlobalSection(ProjectConfigurationPlatforms) = postSolution
		{ECD71CFF-7716-41D7-9B6B-ACD940135A54}.Debug|Any CPU.ActiveCfg = Debug|Any CPU
		{ECD71CFF-7716-41D7-9B6B-ACD940135A54}.Debug|Any CPU.Build.0 = Debug|Any CPU
		{ECD71CFF-7716-41D7-9B6B-ACD940135A54}.Release|Any CPU.ActiveCfg = Release|Any CPU
		{ECD71CFF-7716-41D7-9B6B-ACD940135A54}.Release|Any CPU.Build.0 = Release|Any CPU
		{DA315411-428A-4A73-87E8-DB6F027FCCA1}.Debug|Any CPU.ActiveCfg = Debug|Any CPU
		{DA315411-428A-4A73-87E8-DB6F027FCCA1}.Debug|Any CPU.Build.0 = Debug|Any CPU
		{DA315411-428A-4A73-87E8-DB6F027FCCA1}.Release|Any CPU.ActiveCfg = Release|Any CPU
		{DA315411-428A-4A73-87E8-DB6F027FCCA1}.Release|Any CPU.Build.0 = Release|Any CPU
	EndGlobalSection
	GlobalSection(SolutionProperties) = preSolution
		HideSolutionNode = FALSE
	EndGlobalSection
	GlobalSection(ExtensibilityGlobals) = postSolution
		SolutionGuid = {A6CFD0A1-BCA8-4997-A77A-FFDE194553E3}
	EndGlobalSection
EndGlobal
